Microsoft Visual Studio Solution File, Format Version 11.00
# Visual Studio 2008

Project("{3E25960A-79DB-C69B-674C-D4EC67A72C62}") = "Hello world", "Assembly-CSharp.csproj", "{6E015305-5115-407F-5B14-2B52102FFA8E}"
EndProject
Global
	GlobalSection(SolutionConfigurationPlatforms) = preSolution
		Debug|Any CPU = Debug|Any CPU
		Release|Any CPU = Release|Any CPU
	EndGlobalSection
	GlobalSection(ProjectConfigurationPlatforms) = postSolution
		{6E015305-5115-407F-5B14-2B52102FFA8E}.Debug|Any CPU.ActiveCfg = Debug|Any CPU
		{6E015305-5115-407F-5B14-2B52102FFA8E}.Debug|Any CPU.Build.0 = Debug|Any CPU
		{6E015305-5115-407F-5B14-2B52102FFA8E}.Release|Any CPU.ActiveCfg = Release|Any CPU
		{6E015305-5115-407F-5B14-2B52102FFA8E}.Release|Any CPU.Build.0 = Release|Any CPU
	EndGlobalSection
	GlobalSection(SolutionProperties) = preSolution
		HideSolutionNode = FALSE
	EndGlobalSection
	GlobalSection(MonoDevelopProperties) = preSolution
		StartupItem = Assembly-CSharp.csproj
	EndGlobalSection
EndGlobal
